// !$*UTF8*$!
{
	archiveVersion = 1;
	classes = {
	};
	objectVersion = 46;
	objects = {

/* Begin PBXBuildFile section */
		8C38F58A1A3D7CBA0047B86E /* main.m in Sources */ = {isa = PBXBuildFile; fileRef = 8C38F5891A3D7CBA0047B86E /* main.m */; };
		8C38F58D1A3D7CBA0047B86E /* AppDelegate.m in Sources */ = {isa = PBXBuildFile; fileRef = 8C38F58C1A3D7CBA0047B86E /* AppDelegate.m */; };
		8C38F5901A3D7CBA0047B86E /* ViewController.m in Sources */ = {isa = PBXBuildFile; fileRef = 8C38F58F1A3D7CBA0047B86E /* ViewController.m */; };
		8C38F5931A3D7CBA0047B86E /* Main.storyboard in Resources */ = {isa = PBXBuildFile; fileRef = 8C38F5911A3D7CBA0047B86E /* Main.storyboard */; };
		8C38F5951A3D7CBA0047B86E /* Images.xcassets in Resources */ = {isa = PBXBuildFile; fileRef = 8C38F5941A3D7CBA0047B86E /* Images.xcassets */; };
		8C38F5981A3D7CBA0047B86E /* LaunchScreen.xib in Resources */ = {isa = PBXBuildFile; fileRef = 8C38F5961A3D7CBA0047B86E /* LaunchScreen.xib */; };
		8C38F5B11A3D7D280047B86E /* Euro.m in Sources */ = {isa = PBXBuildFile; fileRef = 8C38F5B01A3D7D280047B86E /* Euro.m */; };
		8C38F5B31A3D7D480047B86E /* EuroTest.m in Sources */ = {isa = PBXBuildFile; fileRef = 8C38F5B21A3D7D480047B86E /* EuroTest.m */; };
		8C38F5B71A3D8FBE0047B86E /* Dolar.m in Sources */ = {isa = PBXBuildFile; fileRef = 8C38F5B61A3D8FBE0047B86E /* Dolar.m */; };
		8C38F5B91A3D90270047B86E /* DolarTest.m in Sources */ = {isa = PBXBuildFile; fileRef = 8C38F5B81A3D90270047B86E /* DolarTest.m */; };
		8C38F5BC1A3D92EB0047B86E /* Money.m in Sources */ = {isa = PBXBuildFile; fileRef = 8C38F5BB1A3D92EB0047B86E /* Money.m */; };
		8C38F5C01A3D952B0047B86E /* NSObject+GNUStepsAddons.m in Sources */ = {isa = PBXBuildFile; fileRef = 8C38F5BF1A3D952B0047B86E /* NSObject+GNUStepsAddons.m */; };
/* End PBXBuildFile section */

/* Begin PBXContainerItemProxy section */
		8C38F59E1A3D7CBA0047B86E /* PBXContainerItemProxy */ = {
			isa = PBXContainerItemProxy;
			containerPortal = 8C38F57C1A3D7CBA0047B86E /* Project object */;
			proxyType = 1;
			remoteGlobalIDString = 8C38F5831A3D7CBA0047B86E;
			remoteInfo = Wallet;
		};
/* End PBXContainerItemProxy section */

/* Begin PBXFileReference section */
		8C38F5841A3D7CBA0047B86E /* Wallet.app */ = {isa = PBXFileReference; explicitFileType = wrapper.application; includeInIndex = 0; path = Wallet.app; sourceTree = BUILT_PRODUCTS_DIR; };
		8C38F5881A3D7CBA0047B86E /* Info.plist */ = {isa = PBXFileReference; lastKnownFileType = text.plist.xml; path = Info.plist; sourceTree = "<group>"; };
		8C38F5891A3D7CBA0047B86E /* main.m */ = {isa = PBXFileReference; lastKnownFileType = sourcecode.c.objc; path = main.m; sourceTree = "<group>"; };
		8C38F58B1A3D7CBA0047B86E /* AppDelegate.h */ = {isa = PBXFileReference; lastKnownFileType = sourcecode.c.h; path = AppDelegate.h; sourceTree = "<group>"; };
		8C38F58C1A3D7CBA0047B86E /* AppDelegate.m */ = {isa = PBXFileReference; lastKnownFileType = sourcecode.c.objc; path = AppDelegate.m; sourceTree = "<group>"; };
		8C38F58E1A3D7CBA0047B86E /* ViewController.h */ = {isa = PBXFileReference; lastKnownFileType = sourcecode.c.h; path = ViewController.h; sourceTree = "<group>"; };
		8C38F58F1A3D7CBA0047B86E /* ViewController.m */ = {isa = PBXFileReference; lastKnownFileType = sourcecode.c.objc; path = ViewController.m; sourceTree = "<group>"; };
		8C38F5921A3D7CBA0047B86E /* Base */ = {isa = PBXFileReference; lastKnownFileType = file.storyboard; name = Base; path = Base.lproj/Main.storyboard; sourceTree = "<group>"; };
		8C38F5941A3D7CBA0047B86E /* Images.xcassets */ = {isa = PBXFileReference; lastKnownFileType = folder.assetcatalog; path = Images.xcassets; sourceTree = "<group>"; };
		8C38F5971A3D7CBA0047B86E /* Base */ = {isa = PBXFileReference; lastKnownFileType = file.xib; name = Base; path = Base.lproj/LaunchScreen.xib; sourceTree = "<group>"; };
		8C38F59D1A3D7CBA0047B86E /* WalletTests.xctest */ = {isa = PBXFileReference; explicitFileType = wrapper.cfbundle; includeInIndex = 0; path = WalletTests.xctest; sourceTree = BUILT_PRODUCTS_DIR; };
		8C38F5A21A3D7CBA0047B86E /* Info.plist */ = {isa = PBXFileReference; lastKnownFileType = text.plist.xml; path = Info.plist; sourceTree = "<group>"; };
		8C38F5AF1A3D7D280047B86E /* Euro.h */ = {isa = PBXFileReference; fileEncoding = 4; lastKnownFileType = sourcecode.c.h; path = Euro.h; sourceTree = "<group>"; };
		8C38F5B01A3D7D280047B86E /* Euro.m */ = {isa = PBXFileReference; fileEncoding = 4; lastKnownFileType = sourcecode.c.objc; path = Euro.m; sourceTree = "<group>"; };
		8C38F5B21A3D7D480047B86E /* EuroTest.m */ = {isa = PBXFileReference; fileEncoding = 4; lastKnownFileType = sourcecode.c.objc; path = EuroTest.m; sourceTree = "<group>"; };
		8C38F5B51A3D8FBE0047B86E /* Dolar.h */ = {isa = PBXFileReference; fileEncoding = 4; lastKnownFileType = sourcecode.c.h; path = Dolar.h; sourceTree = "<group>"; };
		8C38F5B61A3D8FBE0047B86E /* Dolar.m */ = {isa = PBXFileReference; fileEncoding = 4; lastKnownFileType = sourcecode.c.objc; path = Dolar.m; sourceTree = "<group>"; };
		8C38F5B81A3D90270047B86E /* DolarTest.m */ = {isa = PBXFileReference; fileEncoding = 4; lastKnownFileType = sourcecode.c.objc; path = DolarTest.m; sourceTree = "<group>"; };
		8C38F5BA1A3D92EB0047B86E /* Money.h */ = {isa = PBXFileReference; fileEncoding = 4; lastKnownFileType = sourcecode.c.h; path = Money.h; sourceTree = "<group>"; };
		8C38F5BB1A3D92EB0047B86E /* Money.m */ = {isa = PBXFileReference; fileEncoding = 4; lastKnownFileType = sourcecode.c.objc; path = Money.m; sourceTree = "<group>"; };
		8C38F5BE1A3D952B0047B86E /* NSObject+GNUStepsAddons.h */ = {isa = PBXFileReference; fileEncoding = 4; lastKnownFileType = sourcecode.c.h; path = "NSObject+GNUStepsAddons.h"; sourceTree = "<group>"; };
		8C38F5BF1A3D952B0047B86E /* NSObject+GNUStepsAddons.m */ = {isa = PBXFileReference; fileEncoding = 4; lastKnownFileType = sourcecode.c.objc; path = "NSObject+GNUStepsAddons.m"; sourceTree = "<group>"; };
/* End PBXFileReference section */

/* Begin PBXFrameworksBuildPhase section */
		8C38F5811A3D7CBA0047B86E /* Frameworks */ = {
			isa = PBXFrameworksBuildPhase;
			buildActionMask = 2147483647;
			files = (
			);
			runOnlyForDeploymentPostprocessing = 0;
		};
		8C38F59A1A3D7CBA0047B86E /* Frameworks */ = {
			isa = PBXFrameworksBuildPhase;
			buildActionMask = 2147483647;
			files = (
			);
			runOnlyForDeploymentPostprocessing = 0;
		};
/* End PBXFrameworksBuildPhase section */

/* Begin PBXGroup section */
		8C38F57B1A3D7CBA0047B86E = {
			isa = PBXGroup;
			children = (
				8C38F5861A3D7CBA0047B86E /* Wallet */,
				8C38F5A01A3D7CBA0047B86E /* WalletTests */,
				8C38F5851A3D7CBA0047B86E /* Products */,
			);
			sourceTree = "<group>";
		};
		8C38F5851A3D7CBA0047B86E /* Products */ = {
			isa = PBXGroup;
			children = (
				8C38F5841A3D7CBA0047B86E /* Wallet.app */,
				8C38F59D1A3D7CBA0047B86E /* WalletTests.xctest */,
			);
			name = Products;
			sourceTree = "<group>";
		};
		8C38F5861A3D7CBA0047B86E /* Wallet */ = {
			isa = PBXGroup;
			children = (
				8C38F5BD1A3D95120047B86E /* Categories */,
				8C38F5AD1A3D7D150047B86E /* Model */,
				8C38F58B1A3D7CBA0047B86E /* AppDelegate.h */,
				8C38F58C1A3D7CBA0047B86E /* AppDelegate.m */,
				8C38F58E1A3D7CBA0047B86E /* ViewController.h */,
				8C38F58F1A3D7CBA0047B86E /* ViewController.m */,
				8C38F5871A3D7CBA0047B86E /* Supporting Files */,
			);
			path = Wallet;
			sourceTree = "<group>";
		};
		8C38F5871A3D7CBA0047B86E /* Supporting Files */ = {
			isa = PBXGroup;
			children = (
				8C38F5911A3D7CBA0047B86E /* Main.storyboard */,
				8C38F5941A3D7CBA0047B86E /* Images.xcassets */,
				8C38F5961A3D7CBA0047B86E /* LaunchScreen.xib */,
				8C38F5881A3D7CBA0047B86E /* Info.plist */,
				8C38F5891A3D7CBA0047B86E /* main.m */,
			);
			path = "Supporting Files";
			sourceTree = "<group>";
		};
		8C38F5A01A3D7CBA0047B86E /* WalletTests */ = {
			isa = PBXGroup;
			children = (
				8C38F5B21A3D7D480047B86E /* EuroTest.m */,
				8C38F5B81A3D90270047B86E /* DolarTest.m */,
				8C38F5B41A3D80920047B86E /* New Group */,
				8C38F5A11A3D7CBA0047B86E /* Supporting Files */,
			);
			path = WalletTests;
			sourceTree = "<group>";
		};
		8C38F5A11A3D7CBA0047B86E /* Supporting Files */ = {
			isa = PBXGroup;
			children = (
				8C38F5A21A3D7CBA0047B86E /* Info.plist */,
			);
			path = "Supporting Files";
			sourceTree = "<group>";
		};
		8C38F5AD1A3D7D150047B86E /* Model */ = {
			isa = PBXGroup;
			children = (
				8C38F5BA1A3D92EB0047B86E /* Money.h */,
				8C38F5BB1A3D92EB0047B86E /* Money.m */,
				8C38F5AF1A3D7D280047B86E /* Euro.h */,
				8C38F5B01A3D7D280047B86E /* Euro.m */,
				8C38F5B51A3D8FBE0047B86E /* Dolar.h */,
				8C38F5B61A3D8FBE0047B86E /* Dolar.m */,
			);
			path = Model;
			sourceTree = "<group>";
		};
		8C38F5B41A3D80920047B86E /* New Group */ = {
			isa = PBXGroup;
			children = (
			);
			name = "New Group";
			sourceTree = "<group>";
		};
		8C38F5BD1A3D95120047B86E /* Categories */ = {
			isa = PBXGroup;
			children = (
				8C38F5BE1A3D952B0047B86E /* NSObject+GNUStepsAddons.h */,
				8C38F5BF1A3D952B0047B86E /* NSObject+GNUStepsAddons.m */,
			);
			name = Categories;
			sourceTree = "<group>";
		};
/* End PBXGroup section */

/* Begin PBXNativeTarget section */
		8C38F5831A3D7CBA0047B86E /* Wallet */ = {
			isa = PBXNativeTarget;
			buildConfigurationList = 8C38F5A71A3D7CBA0047B86E /* Build configuration list for PBXNativeTarget "Wallet" */;
			buildPhases = (
				8C38F5801A3D7CBA0047B86E /* Sources */,
				8C38F5811A3D7CBA0047B86E /* Frameworks */,
				8C38F5821A3D7CBA0047B86E /* Resources */,
			);
			buildRules = (
			);
			dependencies = (
			);
			name = Wallet;
			productName = Wallet;
			productReference = 8C38F5841A3D7CBA0047B86E /* Wallet.app */;
			productType = "com.apple.product-type.application";
		};
		8C38F59C1A3D7CBA0047B86E /* WalletTests */ = {
			isa = PBXNativeTarget;
			buildConfigurationList = 8C38F5AA1A3D7CBA0047B86E /* Build configuration list for PBXNativeTarget "WalletTests" */;
			buildPhases = (
				8C38F5991A3D7CBA0047B86E /* Sources */,
				8C38F59A1A3D7CBA0047B86E /* Frameworks */,
				8C38F59B1A3D7CBA0047B86E /* Resources */,
			);
			buildRules = (
			);
			dependencies = (
				8C38F59F1A3D7CBA0047B86E /* PBXTargetDependency */,
			);
			name = WalletTests;
			productName = WalletTests;
			productReference = 8C38F59D1A3D7CBA0047B86E /* WalletTests.xctest */;
			productType = "com.apple.product-type.bundle.unit-test";
		};
/* End PBXNativeTarget section */

/* Begin PBXProject section */
		8C38F57C1A3D7CBA0047B86E /* Project object */ = {
			isa = PBXProject;
			attributes = {
				LastUpgradeCheck = 0610;
				ORGANIZATIONNAME = Molestudio;
				TargetAttributes = {
					8C38F5831A3D7CBA0047B86E = {
						CreatedOnToolsVersion = 6.1.1;
					};
					8C38F59C1A3D7CBA0047B86E = {
						CreatedOnToolsVersion = 6.1.1;
						TestTargetID = 8C38F5831A3D7CBA0047B86E;
					};
				};
			};
			buildConfigurationList = 8C38F57F1A3D7CBA0047B86E /* Build configuration list for PBXProject "Wallet" */;
			compatibilityVersion = "Xcode 3.2";
			developmentRegion = English;
			hasScannedForEncodings = 0;
			knownRegions = (
				en,
				Base,
			);
			mainGroup = 8C38F57B1A3D7CBA0047B86E;
			productRefGroup = 8C38F5851A3D7CBA0047B86E /* Products */;
			projectDirPath = "";
			projectRoot = "";
			targets = (
				8C38F5831A3D7CBA0047B86E /* Wallet */,
				8C38F59C1A3D7CBA0047B86E /* WalletTests */,
			);
		};
/* End PBXProject section */

/* Begin PBXResourcesBuildPhase section */
		8C38F5821A3D7CBA0047B86E /* Resources */ = {
			isa = PBXResourcesBuildPhase;
			buildActionMask = 2147483647;
			files = (
				8C38F5931A3D7CBA0047B86E /* Main.storyboard in Resources */,
				8C38F5981A3D7CBA0047B86E /* LaunchScreen.xib in Resources */,
				8C38F5951A3D7CBA0047B86E /* Images.xcassets in Resources */,
			);
			runOnlyForDeploymentPostprocessing = 0;
		};
		8C38F59B1A3D7CBA0047B86E /* Resources */ = {
			isa = PBXResourcesBuildPhase;
			buildActionMask = 2147483647;
			files = (
			);
			runOnlyForDeploymentPostprocessing = 0;
		};
/* End PBXResourcesBuildPhase section */

/* Begin PBXSourcesBuildPhase section */
		8C38F5801A3D7CBA0047B86E /* Sources */ = {
			isa = PBXSourcesBuildPhase;
			buildActionMask = 2147483647;
			files = (
				8C38F5C01A3D952B0047B86E /* NSObject+GNUStepsAddons.m in Sources */,
				8C38F5BC1A3D92EB0047B86E /* Money.m in Sources */,
				8C38F5B71A3D8FBE0047B86E /* Dolar.m in Sources */,
				8C38F5B11A3D7D280047B86E /* Euro.m in Sources */,
				8C38F5901A3D7CBA0047B86E /* ViewController.m in Sources */,
				8C38F58D1A3D7CBA0047B86E /* AppDelegate.m in Sources */,
				8C38F58A1A3D7CBA0047B86E /* main.m in Sources */,
			);
			runOnlyForDeploymentPostprocessing = 0;
		};
		8C38F5991A3D7CBA0047B86E /* Sources */ = {
			isa = PBXSourcesBuildPhase;
			buildActionMask = 2147483647;
			files = (
				8C38F5B91A3D90270047B86E /* DolarTest.m in Sources */,
				8C38F5B31A3D7D480047B86E /* EuroTest.m in Sources */,
			);
			runOnlyForDeploymentPostprocessing = 0;
		};
/* End PBXSourcesBuildPhase section */

/* Begin PBXTargetDependency section */
		8C38F59F1A3D7CBA0047B86E /* PBXTargetDependency */ = {
			isa = PBXTargetDependency;
			target = 8C38F5831A3D7CBA0047B86E /* Wallet */;
			targetProxy = 8C38F59E1A3D7CBA0047B86E /* PBXContainerItemProxy */;
		};
/* End PBXTargetDependency section */

/* Begin PBXVariantGroup section */
		8C38F5911A3D7CBA0047B86E /* Main.storyboard */ = {
			isa = PBXVariantGroup;
			children = (
				8C38F5921A3D7CBA0047B86E /* Base */,
			);
			name = Main.storyboard;
			sourceTree = "<group>";
		};
		8C38F5961A3D7CBA0047B86E /* LaunchScreen.xib */ = {
			isa = PBXVariantGroup;
			children = (
				8C38F5971A3D7CBA0047B86E /* Base */,
			);
			name = LaunchScreen.xib;
			sourceTree = "<group>";
		};
/* End PBXVariantGroup section */

/* Begin XCBuildConfiguration section */
		8C38F5A51A3D7CBA0047B86E /* Debug */ = {
			isa = XCBuildConfiguration;
			buildSettings = {
				ALWAYS_SEARCH_USER_PATHS = NO;
				CLANG_CXX_LANGUAGE_STANDARD = "gnu++0x";
				CLANG_CXX_LIBRARY = "libc++";
				CLANG_ENABLE_MODULES = YES;
				CLANG_ENABLE_OBJC_ARC = YES;
				CLANG_WARN_BOOL_CONVERSION = YES;
				CLANG_WARN_CONSTANT_CONVERSION = YES;
				CLANG_WARN_DIRECT_OBJC_ISA_USAGE = YES_ERROR;
				CLANG_WARN_EMPTY_BODY = YES;
				CLANG_WARN_ENUM_CONVERSION = YES;
				CLANG_WARN_INT_CONVERSION = YES;
				CLANG_WARN_OBJC_ROOT_CLASS = YES_ERROR;
				CLANG_WARN_UNREACHABLE_CODE = YES;
				CLANG_WARN__DUPLICATE_METHOD_MATCH = YES;
				"CODE_SIGN_IDENTITY[sdk=iphoneos*]" = "iPhone Developer";
				COPY_PHASE_STRIP = NO;
				ENABLE_STRICT_OBJC_MSGSEND = YES;
				GCC_C_LANGUAGE_STANDARD = gnu99;
				GCC_DYNAMIC_NO_PIC = NO;
				GCC_OPTIMIZATION_LEVEL = 0;
				GCC_PREPROCESSOR_DEFINITIONS = (
					"DEBUG=1",
					"$(inherited)",
				);
				GCC_SYMBOLS_PRIVATE_EXTERN = NO;
				GCC_WARN_64_TO_32_BIT_CONVERSION = YES;
				GCC_WARN_ABOUT_RETURN_TYPE = YES_ERROR;
				GCC_WARN_UNDECLARED_SELECTOR = YES;
				GCC_WARN_UNINITIALIZED_AUTOS = YES_AGGRESSIVE;
				GCC_WARN_UNUSED_FUNCTION = YES;
				GCC_WARN_UNUSED_VARIABLE = YES;
				IPHONEOS_DEPLOYMENT_TARGET = 8.1;
				MTL_ENABLE_DEBUG_INFO = YES;
				ONLY_ACTIVE_ARCH = YES;
				SDKROOT = iphoneos;
			};
			name = Debug;
		};
		8C38F5A61A3D7CBA0047B86E /* Release */ = {
			isa = XCBuildConfiguration;
			buildSettings = {
				ALWAYS_SEARCH_USER_PATHS = NO;
				CLANG_CXX_LANGUAGE_STANDARD = "gnu++0x";
				CLANG_CXX_LIBRARY = "libc++";
				CLANG_ENABLE_MODULES = YES;
				CLANG_ENABLE_OBJC_ARC = YES;
				CLANG_WARN_BOOL_CONVERSION = YES;
				CLANG_WARN_CONSTANT_CONVERSION = YES;
				CLANG_WARN_DIRECT_OBJC_ISA_USAGE = YES_ERROR;
				CLANG_WARN_EMPTY_BODY = YES;
				CLANG_WARN_ENUM_CONVERSION = YES;
				CLANG_WARN_INT_CONVERSION = YES;
				CLANG_WARN_OBJC_ROOT_CLASS = YES_ERROR;
				CLANG_WARN_UNREACHABLE_CODE = YES;
				CLANG_WARN__DUPLICATE_METHOD_MATCH = YES;
				"CODE_SIGN_IDENTITY[sdk=iphoneos*]" = "iPhone Developer";
				COPY_PHASE_STRIP = YES;
				ENABLE_NS_ASSERTIONS = NO;
				ENABLE_STRICT_OBJC_MSGSEND = YES;
				GCC_C_LANGUAGE_STANDARD = gnu99;
				GCC_WARN_64_TO_32_BIT_CONVERSION = YES;
				GCC_WARN_ABOUT_RETURN_TYPE = YES_ERROR;
				GCC_WARN_UNDECLARED_SELECTOR = YES;
				GCC_WARN_UNINITIALIZED_AUTOS = YES_AGGRESSIVE;
				GCC_WARN_UNUSED_FUNCTION = YES;
				GCC_WARN_UNUSED_VARIABLE = YES;
				IPHONEOS_DEPLOYMENT_TARGET = 8.1;
				MTL_ENABLE_DEBUG_INFO = NO;
				SDKROOT = iphoneos;
				VALIDATE_PRODUCT = YES;
			};
			name = Release;
		};
		8C38F5A81A3D7CBA0047B86E /* Debug */ = {
			isa = XCBuildConfiguration;
			buildSettings = {
				ASSETCATALOG_COMPILER_APPICON_NAME = AppIcon;
				INFOPLIST_FILE = "Wallet/Supporting Files/Info.plist";
				LD_RUNPATH_SEARCH_PATHS = "$(inherited) @executable_path/Frameworks";
				PRODUCT_NAME = "$(TARGET_NAME)";
			};
			name = Debug;
		};
		8C38F5A91A3D7CBA0047B86E /* Release */ = {
			isa = XCBuildConfiguration;
			buildSettings = {
				ASSETCATALOG_COMPILER_APPICON_NAME = AppIcon;
				INFOPLIST_FILE = "Wallet/Supporting Files/Info.plist";
				LD_RUNPATH_SEARCH_PATHS = "$(inherited) @executable_path/Frameworks";
				PRODUCT_NAME = "$(TARGET_NAME)";
			};
			name = Release;
		};
		8C38F5AB1A3D7CBA0047B86E /* Debug */ = {
			isa = XCBuildConfiguration;
			buildSettings = {
				BUNDLE_LOADER = "$(TEST_HOST)";
				FRAMEWORK_SEARCH_PATHS = (
					"$(SDKROOT)/Developer/Library/Frameworks",
					"$(inherited)",
				);
				GCC_PREPROCESSOR_DEFINITIONS = (
					"DEBUG=1",
					"$(inherited)",
				);
				INFOPLIST_FILE = "WalletTests/Supporting Files/Info.plist";
				LD_RUNPATH_SEARCH_PATHS = "$(inherited) @executable_path/Frameworks @loader_path/Frameworks";
				PRODUCT_NAME = "$(TARGET_NAME)";
				TEST_HOST = "$(BUILT_PRODUCTS_DIR)/Wallet.app/Wallet";
			};
			name = Debug;
		};
		8C38F5AC1A3D7CBA0047B86E /* Release */ = {
			isa = XCBuildConfiguration;
			buildSettings = {
				BUNDLE_LOADER = "$(TEST_HOST)";
				FRAMEWORK_SEARCH_PATHS = (
					"$(SDKROOT)/Developer/Library/Frameworks",
					"$(inherited)",
				);
				INFOPLIST_FILE = "WalletTests/Supporting Files/Info.plist";
				LD_RUNPATH_SEARCH_PATHS = "$(inherited) @executable_path/Frameworks @loader_path/Frameworks";
				PRODUCT_NAME = "$(TARGET_NAME)";
				TEST_HOST = "$(BUILT_PRODUCTS_DIR)/Wallet.app/Wallet";
			};
			name = Release;
		};
/* End XCBuildConfiguration section */

/* Begin XCConfigurationList section */
		8C38F57F1A3D7CBA0047B86E /* Build configuration list for PBXProject "Wallet" */ = {
			isa = XCConfigurationList;
			buildConfigurations = (
				8C38F5A51A3D7CBA0047B86E /* Debug */,
				8C38F5A61A3D7CBA0047B86E /* Release */,
			);
			defaultConfigurationIsVisible = 0;
			defaultConfigurationName = Release;
		};
		8C38F5A71A3D7CBA0047B86E /* Build configuration list for PBXNativeTarget "Wallet" */ = {
			isa = XCConfigurationList;
			buildConfigurations = (
				8C38F5A81A3D7CBA0047B86E /* Debug */,
				8C38F5A91A3D7CBA0047B86E /* Release */,
			);
			defaultConfigurationIsVisible = 0;
			defaultConfigurationName = Release;
		};
		8C38F5AA1A3D7CBA0047B86E /* Build configuration list for PBXNativeTarget "WalletTests" */ = {
			isa = XCConfigurationList;
			buildConfigurations = (
				8C38F5AB1A3D7CBA0047B86E /* Debug */,
				8C38F5AC1A3D7CBA0047B86E /* Release */,
			);
			defaultConfigurationIsVisible = 0;
			defaultConfigurationName = Release;
		};
/* End XCConfigurationList section */
	};
	rootObject = 8C38F57C1A3D7CBA0047B86E /* Project object */;
}
